
Microsoft Visual Studio Solution File, Format Version 12.00
# Visual Studio Version 17
VisualStudioVersion = 17.9.34728.123
MinimumVisualStudioVersion = 10.0.40219.1
Project("{FAE04EC0-301F-11D3-BF4B-00C04F79EFBC}") = "LibrarySystem", "LibrarySystem.csproj", "{C5627E13-48EB-4B40-9275-100048FF9E1E}"
EndProject
Global
	GlobalSection(SolutionConfigurationPlatforms) = preSolution
		Debug|Any CPU = Debug|Any CPU
		Release|Any CPU = Release|Any CPU
	EndGlobalSection
	GlobalSection(ProjectConfigurationPlatforms) = postSolution
		{C5627E13-48EB-4B40-9275-100048FF9E1E}.Debug|Any CPU.ActiveCfg = Debug|Any CPU
		{C5627E13-48EB-4B40-9275-100048FF9E1E}.Debug|Any CPU.Build.0 = Debug|Any CPU
		{C5627E13-48EB-4B40-9275-100048FF9E1E}.Release|Any CPU.ActiveCfg = Release|Any CPU
		{C5627E13-48EB-4B40-9275-100048FF9E1E}.Release|Any CPU.Build.0 = Release|Any CPU
	EndGlobalSection
	GlobalSection(SolutionProperties) = preSolution
		HideSolutionNode = FALSE
	EndGlobalSection
	GlobalSection(ExtensibilityGlobals) = postSolution
		SolutionGuid = {F6F2B17E-F81E-4272-A8BD-F1DC2CA4CD5D}
	EndGlobalSection
EndGlobal
